
Microsoft Visual Studio Solution File, Format Version 12.00
# Visual Studio Version 17
VisualStudioVersion = 17.2.32630.192
MinimumVisualStudioVersion = 10.0.40219.1
Project("{FAE04EC0-301F-11D3-BF4B-00C04F79EFBC}") = "TrustyTravel", "TrustyTravel\TrustyTravel.csproj", "{AB55EA9A-9372-4275-917C-173075A8CDB9}"
EndProject
Global
	GlobalSection(SolutionConfigurationPlatforms) = preSolution
		Debug|Any CPU = Debug|Any CPU
		Release|Any CPU = Release|Any CPU
	EndGlobalSection
	GlobalSection(ProjectConfigurationPlatforms) = postSolution
		{AB55EA9A-9372-4275-917C-173075A8CDB9}.Debug|Any CPU.ActiveCfg = Debug|Any CPU
		{AB55EA9A-9372-4275-917C-173075A8CDB9}.Debug|Any CPU.Build.0 = Debug|Any CPU
		{AB55EA9A-9372-4275-917C-173075A8CDB9}.Release|Any CPU.ActiveCfg = Release|Any CPU
		{AB55EA9A-9372-4275-917C-173075A8CDB9}.Release|Any CPU.Build.0 = Release|Any CPU
	EndGlobalSection
	GlobalSection(SolutionProperties) = preSolution
		HideSolutionNode = FALSE
	EndGlobalSection
	GlobalSection(ExtensibilityGlobals) = postSolution
		SolutionGuid = {06676981-879C-41ED-963E-48C45B5B69E5}
	EndGlobalSection
EndGlobal
